
Microsoft Visual Studio Solution File, Format Version 12.00
# Visual Studio 15
VisualStudioVersion = 15.0.28306.52
MinimumVisualStudioVersion = 10.0.40219.1
Project("{FAE04EC0-301F-11D3-BF4B-00C04F79EFBC}") = "iCreator", "iCreator\iCreator.csproj", "{2DA80B44-5C56-468E-BF2F-85DB147A21F8}"
EndProject
Project("{FAE04EC0-301F-11D3-BF4B-00C04F79EFBC}") = "SandboxApp", "SandboxApp\SandboxApp.csproj", "{5C2A60CB-69BB-4B4C-92AF-A1AC9D65492A}"
EndProject
Global
	GlobalSection(SolutionConfigurationPlatforms) = preSolution
		Debug|Any CPU = Debug|Any CPU
		Release|Any CPU = Release|Any CPU
	EndGlobalSection
	GlobalSection(ProjectConfigurationPlatforms) = postSolution
		{2DA80B44-5C56-468E-BF2F-85DB147A21F8}.Debug|Any CPU.ActiveCfg = Debug|Any CPU
		{2DA80B44-5C56-468E-BF2F-85DB147A21F8}.Debug|Any CPU.Build.0 = Debug|Any CPU
		{2DA80B44-5C56-468E-BF2F-85DB147A21F8}.Release|Any CPU.ActiveCfg = Release|Any CPU
		{2DA80B44-5C56-468E-BF2F-85DB147A21F8}.Release|Any CPU.Build.0 = Release|Any CPU
		{5C2A60CB-69BB-4B4C-92AF-A1AC9D65492A}.Debug|Any CPU.ActiveCfg = Debug|Any CPU
		{5C2A60CB-69BB-4B4C-92AF-A1AC9D65492A}.Debug|Any CPU.Build.0 = Debug|Any CPU
		{5C2A60CB-69BB-4B4C-92AF-A1AC9D65492A}.Release|Any CPU.ActiveCfg = Release|Any CPU
		{5C2A60CB-69BB-4B4C-92AF-A1AC9D65492A}.Release|Any CPU.Build.0 = Release|Any CPU
	EndGlobalSection
	GlobalSection(SolutionProperties) = preSolution
		HideSolutionNode = FALSE
	EndGlobalSection
	GlobalSection(ExtensibilityGlobals) = postSolution
		SolutionGuid = {3FE4B2A1-0EA0-4A9A-9C9F-B5FBEF66BA73}
	EndGlobalSection
EndGlobal
